{
  "name": "suggestions-docs",
  "version": "1.0.0",
  "lockfileVersion": 1,
  "requires": true,
  "dependencies": {
    "@vuepress/plugin-back-to-top": {
      "version": "1.0.2",
      "resolved": "https://registry.npmjs.org/@vuepress/plugin-back-to-top/-/plugin-back-to-top-1.0.2.tgz",
      "integrity": "sha512-dZDFzQdr7GZEq7r1TsSaOCDEkp8Zc1hz3IA18Il4yjPPhaHJUv6fBA1sQJPZfJJ1xEg1TN0GSQyhcjfS5m3Frw==",
      "requires": {
        "lodash.debounce": "^4.0.8"
      }
    },
    "@vuepress/plugin-google-analytics": {
      "version": "1.0.2",
      "resolved": "https://registry.npmjs.org/@vuepress/plugin-google-analytics/-/plugin-google-analytics-1.0.2.tgz",
      "integrity": "sha512-NdU18hTBW4TkNK80dgpPu4yq/smNkIUZi9gL5hCiuW43BnXFA7WFfhGcvZJ61+keNDr6gw9UIv4HQuFFPoRXQA=="
    },
    "lodash.debounce": {
      "version": "4.0.8",
      "resolved": "https://registry.npmjs.org/lodash.debounce/-/lodash.debounce-4.0.8.tgz",
      "integrity": "sha1-gteb/zCmfEAF/9XiUVMArZyk168="
    },
    "vuepress-theme-dark-new": {
      "version": "0.1.2",
      "resolved": "https://registry.npmjs.org/vuepress-theme-dark-new/-/vuepress-theme-dark-new-0.1.2.tgz",
      "integrity": "sha512-LzDl4wAp5KWoWTNIxMeWPTjc9U9RynEHUzdWR0eEwtTnqOVUIWJoA7nIKMFHSqgQIKrm6loWYACPIvDAwcAMvQ==",
      "dev": true
    }
  }
}
